
Microsoft Visual Studio Solution File, Format Version 12.00
# Visual Studio Version 17
VisualStudioVersion = 17.4.33110.190
MinimumVisualStudioVersion = 10.0.40219.1
Project("{888888A0-9F3D-457C-B088-3A5042F75D52}") = "ChatServerMVP", "ChatServerMVP.pyproj", "{3B4DF67D-ABC4-40C6-A7C4-2893EB79F6C5}"
EndProject
Global
	GlobalSection(SolutionConfigurationPlatforms) = preSolution
		Debug|Any CPU = Debug|Any CPU
		Release|Any CPU = Release|Any CPU
	EndGlobalSection
	GlobalSection(ProjectConfigurationPlatforms) = postSolution
		{3B4DF67D-ABC4-40C6-A7C4-2893EB79F6C5}.Debug|Any CPU.ActiveCfg = Debug|Any CPU
		{3B4DF67D-ABC4-40C6-A7C4-2893EB79F6C5}.Release|Any CPU.ActiveCfg = Release|Any CPU
	EndGlobalSection
	GlobalSection(SolutionProperties) = preSolution
		HideSolutionNode = FALSE
	EndGlobalSection
	GlobalSection(ExtensibilityGlobals) = postSolution
		SolutionGuid = {A80B9065-376F-4807-B04C-9A32E38AE061}
	EndGlobalSection
EndGlobal
